// !$*UTF8*$!
{
	archiveVersion = 1;
	classes = {
	};
	objectVersion = 77;
	objects = {

/* Begin PBXBuildFile section */
		F92891842E394CEA0035DEED /* Supabase in Frameworks */ = {isa = PBXBuildFile; productRef = F92891832E394CEA0035DEED /* Supabase */; };
		F92891A82E3A78AF0035DEED /* AnyCodable in Frameworks */ = {isa = PBXBuildFile; productRef = F92891A72E3A78AF0035DEED /* AnyCodable */; };
/* End PBXBuildFile section */

/* Begin PBXContainerItemProxy section */
		F941A9E42DDD2F6C00C3B0EC /* PBXContainerItemProxy */ = {
			isa = PBXContainerItemProxy;
			containerPortal = F941A9CA2DDD2F6A00C3B0EC /* Project object */;
			proxyType = 1;
			remoteGlobalIDString = F941A9D12DDD2F6A00C3B0EC;
			remoteInfo = finalsend;
		};
		F941A9EE2DDD2F6C00C3B0EC /* PBXContainerItemProxy */ = {
			isa = PBXContainerItemProxy;
			containerPortal = F941A9CA2DDD2F6A00C3B0EC /* Project object */;
			proxyType = 1;
			remoteGlobalIDString = F941A9D12DDD2F6A00C3B0EC;
			remoteInfo = finalsend;
		};
/* End PBXContainerItemProxy section */

/* Begin PBXFileReference section */
		F941A9D22DDD2F6A00C3B0EC /* finalsend.app */ = {isa = PBXFileReference; explicitFileType = wrapper.application; includeInIndex = 0; path = finalsend.app; sourceTree = BUILT_PRODUCTS_DIR; };
		F941A9E32DDD2F6C00C3B0EC /* finalsendTests.xctest */ = {isa = PBXFileReference; explicitFileType = wrapper.cfbundle; includeInIndex = 0; path = finalsendTests.xctest; sourceTree = BUILT_PRODUCTS_DIR; };
		F941A9ED2DDD2F6C00C3B0EC /* finalsendUITests.xctest */ = {isa = PBXFileReference; explicitFileType = wrapper.cfbundle; includeInIndex = 0; path = finalsendUITests.xctest; sourceTree = BUILT_PRODUCTS_DIR; };
/* End PBXFileReference section */

/* Begin PBXFileSystemSynchronizedBuildFileExceptionSet section */
		F9C4190B2E4E7E7E004E8866 /* Exceptions for "finalsend" folder in "finalsend" target */ = {
			isa = PBXFileSystemSynchronizedBuildFileExceptionSet;
			membershipExceptions = (
				Info.plist,
			);
			target = F941A9D12DDD2F6A00C3B0EC /* finalsend */;
		};
/* End PBXFileSystemSynchronizedBuildFileExceptionSet section */

/* Begin PBXFileSystemSynchronizedRootGroup section */
		F941A9D42DDD2F6A00C3B0EC /* finalsend */ = {
			isa = PBXFileSystemSynchronizedRootGroup;
			exceptions = (
				F9C4190B2E4E7E7E004E8866 /* Exceptions for "finalsend" folder in "finalsend" target */,
			);
			path = finalsend;
			sourceTree = "<group>";
		};
		F941A9E62DDD2F6C00C3B0EC /* finalsendTests */ = {
			isa = PBXFileSystemSynchronizedRootGroup;
			path = finalsendTests;
			sourceTree = "<group>";
		};
		F941A9F02DDD2F6C00C3B0EC /* finalsendUITests */ = {
			isa = PBXFileSystemSynchronizedRootGroup;
			path = finalsendUITests;
			sourceTree = "<group>";
		};
/* End PBXFileSystemSynchronizedRootGroup section */

/* Begin PBXFrameworksBuildPhase section */
		F941A9CF2DDD2F6A00C3B0EC /* Frameworks */ = {
			isa = PBXFrameworksBuildPhase;
			buildActionMask = 2147483647;
			files = (
				F92891A82E3A78AF0035DEED /* AnyCodable in Frameworks */,
				F92891842E394CEA0035DEED /* Supabase in Frameworks */,
			);
			runOnlyForDeploymentPostprocessing = 0;
		};
		F941A9E02DDD2F6C00C3B0EC /* Frameworks */ = {
			isa = PBXFrameworksBuildPhase;
			buildActionMask = 2147483647;
			files = (
			);
			runOnlyForDeploymentPostprocessing = 0;
		};
		F941A9EA2DDD2F6C00C3B0EC /* Frameworks */ = {
			isa = PBXFrameworksBuildPhase;
			buildActionMask = 2147483647;
			files = (
			);
			runOnlyForDeploymentPostprocessing = 0;
		};
/* End PBXFrameworksBuildPhase section */

/* Begin PBXGroup section */
		F92891822E394CEA0035DEED /* Frameworks */ = {
			isa = PBXGroup;
			children = (
			);
			name = Frameworks;
			sourceTree = "<group>";
		};
		F941A9C92DDD2F6A00C3B0EC = {
			isa = PBXGroup;
			children = (
				F941A9D42DDD2F6A00C3B0EC /* finalsend */,
				F941A9E62DDD2F6C00C3B0EC /* finalsendTests */,
				F941A9F02DDD2F6C00C3B0EC /* finalsendUITests */,
				F92891822E394CEA0035DEED /* Frameworks */,
				F941A9D32DDD2F6A00C3B0EC /* Products */,
			);
			sourceTree = "<group>";
		};
		F941A9D32DDD2F6A00C3B0EC /* Products */ = {
			isa = PBXGroup;
			children = (
				F941A9D22DDD2F6A00C3B0EC /* finalsend.app */,
				F941A9E32DDD2F6C00C3B0EC /* finalsendTests.xctest */,
				F941A9ED2DDD2F6C00C3B0EC /* finalsendUITests.xctest */,
			);
			name = Products;
			sourceTree = "<group>";
		};
/* End PBXGroup section */

/* Begin PBXNativeTarget section */
		F941A9D12DDD2F6A00C3B0EC /* finalsend */ = {
			isa = PBXNativeTarget;
			buildConfigurationList = F941A9F72DDD2F6C00C3B0EC /* Build configuration list for PBXNativeTarget "finalsend" */;
			buildPhases = (
				F941A9CE2DDD2F6A00C3B0EC /* Sources */,
				F941A9CF2DDD2F6A00C3B0EC /* Frameworks */,
				F941A9D02DDD2F6A00C3B0EC /* Resources */,
			);
			buildRules = (
			);
			dependencies = (
			);
			fileSystemSynchronizedGroups = (
				F941A9D42DDD2F6A00C3B0EC /* finalsend */,
			);
			name = finalsend;
			packageProductDependencies = (
				F92891832E394CEA0035DEED /* Supabase */,
				F92891A72E3A78AF0035DEED /* AnyCodable */,
			);
			productName = finalsend;
			productReference = F941A9D22DDD2F6A00C3B0EC /* finalsend.app */;
			productType = "com.apple.product-type.application";
		};
		F941A9E22DDD2F6C00C3B0EC /* finalsendTests */ = {
			isa = PBXNativeTarget;
			buildConfigurationList = F941A9FA2DDD2F6C00C3B0EC /* Build configuration list for PBXNativeTarget "finalsendTests" */;
			buildPhases = (
				F941A9DF2DDD2F6C00C3B0EC /* Sources */,
				F941A9E02DDD2F6C00C3B0EC /* Frameworks */,
				F941A9E12DDD2F6C00C3B0EC /* Resources */,
			);
			buildRules = (
			);
			dependencies = (
				F941A9E52DDD2F6C00C3B0EC /* PBXTargetDependency */,
			);
			fileSystemSynchronizedGroups = (
				F941A9E62DDD2F6C00C3B0EC /* finalsendTests */,
			);
			name = finalsendTests;
			packageProductDependencies = (
			);
			productName = finalsendTests;
			productReference = F941A9E32DDD2F6C00C3B0EC /* finalsendTests.xctest */;
			productType = "com.apple.product-type.bundle.unit-test";
		};
		F941A9EC2DDD2F6C00C3B0EC /* finalsendUITests */ = {
			isa = PBXNativeTarget;
			buildConfigurationList = F941A9FD2DDD2F6C00C3B0EC /* Build configuration list for PBXNativeTarget "finalsendUITests" */;
			buildPhases = (
				F941A9E92DDD2F6C00C3B0EC /* Sources */,
				F941A9EA2DDD2F6C00C3B0EC /* Frameworks */,
				F941A9EB2DDD2F6C00C3B0EC /* Resources */,
			);
			buildRules = (
			);
			dependencies = (
				F941A9EF2DDD2F6C00C3B0EC /* PBXTargetDependency */,
			);
			fileSystemSynchronizedGroups = (
				F941A9F02DDD2F6C00C3B0EC /* finalsendUITests */,
			);
			name = finalsendUITests;
			packageProductDependencies = (
			);
			productName = finalsendUITests;
			productReference = F941A9ED2DDD2F6C00C3B0EC /* finalsendUITests.xctest */;
			productType = "com.apple.product-type.bundle.ui-testing";
		};
/* End PBXNativeTarget section */

/* Begin PBXProject section */
		F941A9CA2DDD2F6A00C3B0EC /* Project object */ = {
			isa = PBXProject;
			attributes = {
				BuildIndependentTargetsInParallel = 1;
				LastSwiftUpdateCheck = 1620;
				LastUpgradeCheck = 1620;
				TargetAttributes = {
					F941A9D12DDD2F6A00C3B0EC = {
						CreatedOnToolsVersion = 16.2;
					};
					F941A9E22DDD2F6C00C3B0EC = {
						CreatedOnToolsVersion = 16.2;
						TestTargetID = F941A9D12DDD2F6A00C3B0EC;
					};
					F941A9EC2DDD2F6C00C3B0EC = {
						CreatedOnToolsVersion = 16.2;
						TestTargetID = F941A9D12DDD2F6A00C3B0EC;
					};
				};
			};
			buildConfigurationList = F941A9CD2DDD2F6A00C3B0EC /* Build configuration list for PBXProject "finalsend" */;
			developmentRegion = en;
			hasScannedForEncodings = 0;
			knownRegions = (
				en,
				Base,
			);
			mainGroup = F941A9C92DDD2F6A00C3B0EC;
			minimizedProjectReferenceProxies = 1;
			packageReferences = (
				F928917E2E394AFC0035DEED /* XCRemoteSwiftPackageReference "supabase-swift" */,
				F92891A62E3A76B50035DEED /* XCRemoteSwiftPackageReference "AnyCodable" */,
			);
			preferredProjectObjectVersion = 77;
			productRefGroup = F941A9D32DDD2F6A00C3B0EC /* Products */;
			projectDirPath = "";
			projectRoot = "";
			targets = (
				F941A9D12DDD2F6A00C3B0EC /* finalsend */,
				F941A9E22DDD2F6C00C3B0EC /* finalsendTests */,
				F941A9EC2DDD2F6C00C3B0EC /* finalsendUITests */,
			);
		};
/* End PBXProject section */

/* Begin PBXResourcesBuildPhase section */
		F941A9D02DDD2F6A00C3B0EC /* Resources */ = {
			isa = PBXResourcesBuildPhase;
			buildActionMask = 2147483647;
			files = (
			);
			runOnlyForDeploymentPostprocessing = 0;
		};
		F941A9E12DDD2F6C00C3B0EC /* Resources */ = {
			isa = PBXResourcesBuildPhase;
			buildActionMask = 2147483647;
			files = (
			);
			runOnlyForDeploymentPostprocessing = 0;
		};
		F941A9EB2DDD2F6C00C3B0EC /* Resources */ = {
			isa = PBXResourcesBuildPhase;
			buildActionMask = 2147483647;
			files = (
			);
			runOnlyForDeploymentPostprocessing = 0;
		};
/* End PBXResourcesBuildPhase section */

/* Begin PBXSourcesBuildPhase section */
		F941A9CE2DDD2F6A00C3B0EC /* Sources */ = {
			isa = PBXSourcesBuildPhase;
			buildActionMask = 2147483647;
			files = (
			);
			runOnlyForDeploymentPostprocessing = 0;
		};
		F941A9DF2DDD2F6C00C3B0EC /* Sources */ = {
			isa = PBXSourcesBuildPhase;
			buildActionMask = 2147483647;
			files = (
			);
			runOnlyForDeploymentPostprocessing = 0;
		};
		F941A9E92DDD2F6C00C3B0EC /* Sources */ = {
			isa = PBXSourcesBuildPhase;
			buildActionMask = 2147483647;
			files = (
			);
			runOnlyForDeploymentPostprocessing = 0;
		};
/* End PBXSourcesBuildPhase section */

/* Begin PBXTargetDependency section */
		F941A9E52DDD2F6C00C3B0EC /* PBXTargetDependency */ = {
			isa = PBXTargetDependency;
			target = F941A9D12DDD2F6A00C3B0EC /* finalsend */;
			targetProxy = F941A9E42DDD2F6C00C3B0EC /* PBXContainerItemProxy */;
		};
		F941A9EF2DDD2F6C00C3B0EC /* PBXTargetDependency */ = {
			isa = PBXTargetDependency;
			target = F941A9D12DDD2F6A00C3B0EC /* finalsend */;
			targetProxy = F941A9EE2DDD2F6C00C3B0EC /* PBXContainerItemProxy */;
		};
/* End PBXTargetDependency section */

/* Begin XCBuildConfiguration section */
		F941A9F52DDD2F6C00C3B0EC /* Debug */ = {
			isa = XCBuildConfiguration;
			buildSettings = {
				ALWAYS_SEARCH_USER_PATHS = NO;
				ASSETCATALOG_COMPILER_GENERATE_SWIFT_ASSET_SYMBOL_EXTENSIONS = YES;
				CLANG_ANALYZER_NONNULL = YES;
				CLANG_ANALYZER_NUMBER_OBJECT_CONVERSION = YES_AGGRESSIVE;
				CLANG_CXX_LANGUAGE_STANDARD = "gnu++20";
				CLANG_ENABLE_MODULES = YES;
				CLANG_ENABLE_OBJC_ARC = YES;
				CLANG_ENABLE_OBJC_WEAK = YES;
				CLANG_WARN_BLOCK_CAPTURE_AUTORELEASING = YES;
				CLANG_WARN_BOOL_CONVERSION = YES;
				CLANG_WARN_COMMA = YES;
				CLANG_WARN_CONSTANT_CONVERSION = YES;
				CLANG_WARN_DEPRECATED_OBJC_IMPLEMENTATIONS = YES;
				CLANG_WARN_DIRECT_OBJC_ISA_USAGE = YES_ERROR;
				CLANG_WARN_DOCUMENTATION_COMMENTS = YES;
				CLANG_WARN_EMPTY_BODY = YES;
				CLANG_WARN_ENUM_CONVERSION = YES;
				CLANG_WARN_INFINITE_RECURSION = YES;
				CLANG_WARN_INT_CONVERSION = YES;
				CLANG_WARN_NON_LITERAL_NULL_CONVERSION = YES;
				CLANG_WARN_OBJC_IMPLICIT_RETAIN_SELF = YES;
				CLANG_WARN_OBJC_LITERAL_CONVERSION = YES;
				CLANG_WARN_OBJC_ROOT_CLASS = YES_ERROR;
				CLANG_WARN_QUOTED_INCLUDE_IN_FRAMEWORK_HEADER = YES;
				CLANG_WARN_RANGE_LOOP_ANALYSIS = YES;
				CLANG_WARN_STRICT_PROTOTYPES = YES;
				CLANG_WARN_SUSPICIOUS_MOVE = YES;
				CLANG_WARN_UNGUARDED_AVAILABILITY = YES_AGGRESSIVE;
				CLANG_WARN_UNREACHABLE_CODE = YES;
				CLANG_WARN__DUPLICATE_METHOD_MATCH = YES;
				COPY_PHASE_STRIP = NO;
				DEBUG_INFORMATION_FORMAT = dwarf;
				ENABLE_STRICT_OBJC_MSGSEND = YES;
				ENABLE_TESTABILITY = YES;
				ENABLE_USER_SCRIPT_SANDBOXING = YES;
				GCC_C_LANGUAGE_STANDARD = gnu17;
				GCC_DYNAMIC_NO_PIC = NO;
				GCC_NO_COMMON_BLOCKS = YES;
				GCC_OPTIMIZATION_LEVEL = 0;
				GCC_PREPROCESSOR_DEFINITIONS = (
					"DEBUG=1",
					"$(inherited)",
				);
				GCC_WARN_64_TO_32_BIT_CONVERSION = YES;
				GCC_WARN_ABOUT_RETURN_TYPE = YES_ERROR;
				GCC_WARN_UNDECLARED_SELECTOR = YES;
				GCC_WARN_UNINITIALIZED_AUTOS = YES_AGGRESSIVE;
				GCC_WARN_UNUSED_FUNCTION = YES;
				GCC_WARN_UNUSED_VARIABLE = YES;
				LOCALIZATION_PREFERS_STRING_CATALOGS = YES;
				MTL_ENABLE_DEBUG_INFO = INCLUDE_SOURCE;
				MTL_FAST_MATH = YES;
				ONLY_ACTIVE_ARCH = YES;
				SWIFT_ACTIVE_COMPILATION_CONDITIONS = "DEBUG $(inherited)";
				SWIFT_OPTIMIZATION_LEVEL = "-Onone";
			};
			name = Debug;
		};
		F941A9F62DDD2F6C00C3B0EC /* Release */ = {
			isa = XCBuildConfiguration;
			buildSettings = {
				ALWAYS_SEARCH_USER_PATHS = NO;
				ASSETCATALOG_COMPILER_GENERATE_SWIFT_ASSET_SYMBOL_EXTENSIONS = YES;
				CLANG_ANALYZER_NONNULL = YES;
				CLANG_ANALYZER_NUMBER_OBJECT_CONVERSION = YES_AGGRESSIVE;
				CLANG_CXX_LANGUAGE_STANDARD = "gnu++20";
				CLANG_ENABLE_MODULES = YES;
				CLANG_ENABLE_OBJC_ARC = YES;
				CLANG_ENABLE_OBJC_WEAK = YES;
				CLANG_WARN_BLOCK_CAPTURE_AUTORELEASING = YES;
				CLANG_WARN_BOOL_CONVERSION = YES;
				CLANG_WARN_COMMA = YES;
				CLANG_WARN_CONSTANT_CONVERSION = YES;
				CLANG_WARN_DEPRECATED_OBJC_IMPLEMENTATIONS = YES;
				CLANG_WARN_DIRECT_OBJC_ISA_USAGE = YES_ERROR;
				CLANG_WARN_DOCUMENTATION_COMMENTS = YES;
				CLANG_WARN_EMPTY_BODY = YES;
				CLANG_WARN_ENUM_CONVERSION = YES;
				CLANG_WARN_INFINITE_RECURSION = YES;
				CLANG_WARN_INT_CONVERSION = YES;
				CLANG_WARN_NON_LITERAL_NULL_CONVERSION = YES;
				CLANG_WARN_OBJC_IMPLICIT_RETAIN_SELF = YES;
				CLANG_WARN_OBJC_LITERAL_CONVERSION = YES;
				CLANG_WARN_OBJC_ROOT_CLASS = YES_ERROR;
				CLANG_WARN_QUOTED_INCLUDE_IN_FRAMEWORK_HEADER = YES;
				CLANG_WARN_RANGE_LOOP_ANALYSIS = YES;
				CLANG_WARN_STRICT_PROTOTYPES = YES;
				CLANG_WARN_SUSPICIOUS_MOVE = YES;
				CLANG_WARN_UNGUARDED_AVAILABILITY = YES_AGGRESSIVE;
				CLANG_WARN_UNREACHABLE_CODE = YES;
				CLANG_WARN__DUPLICATE_METHOD_MATCH = YES;
				COPY_PHASE_STRIP = NO;
				DEBUG_INFORMATION_FORMAT = "dwarf-with-dsym";
				ENABLE_NS_ASSERTIONS = NO;
				ENABLE_STRICT_OBJC_MSGSEND = YES;
				ENABLE_USER_SCRIPT_SANDBOXING = YES;
				GCC_C_LANGUAGE_STANDARD = gnu17;
				GCC_NO_COMMON_BLOCKS = YES;
				GCC_WARN_64_TO_32_BIT_CONVERSION = YES;
				GCC_WARN_ABOUT_RETURN_TYPE = YES_ERROR;
				GCC_WARN_UNDECLARED_SELECTOR = YES;
				GCC_WARN_UNINITIALIZED_AUTOS = YES_AGGRESSIVE;
				GCC_WARN_UNUSED_FUNCTION = YES;
				GCC_WARN_UNUSED_VARIABLE = YES;
				LOCALIZATION_PREFERS_STRING_CATALOGS = YES;
				MTL_ENABLE_DEBUG_INFO = NO;
				MTL_FAST_MATH = YES;
				SWIFT_COMPILATION_MODE = wholemodule;
			};
			name = Release;
		};
		F941A9F82DDD2F6C00C3B0EC /* Debug */ = {
			isa = XCBuildConfiguration;
			buildSettings = {
				ASSETCATALOG_COMPILER_APPICON_NAME = AppIcon;
				ASSETCATALOG_COMPILER_GLOBAL_ACCENT_COLOR_NAME = AccentColor;
				ASSETCATALOG_COMPILER_INCLUDE_ALL_APPICON_ASSETS = NO;
				CODE_SIGN_ENTITLEMENTS = finalsend/finalsend.entitlements;
				CODE_SIGN_STYLE = Automatic;
				CURRENT_PROJECT_VERSION = 1;
				DEVELOPMENT_ASSET_PATHS = "\"finalsend/Preview Content\"";
				DEVELOPMENT_TEAM = S2U27MB26U;
				ENABLE_PREVIEWS = YES;
				GENERATE_INFOPLIST_FILE = YES;
				INFOPLIST_FILE = finalsend/Info.plist;
				INFOPLIST_KEY_CFBundleDisplayName = Crew;
				INFOPLIST_KEY_LSApplicationCategoryType = "public.app-category.travel";
				INFOPLIST_KEY_NSCameraUsageDescription = "We need camera access to let you take a profile picture.";
				INFOPLIST_KEY_NSPhotoLibraryUsageDescription = "We need photo library access to let you choose a profile picture.";
				"INFOPLIST_KEY_UIApplicationSceneManifest_Generation[sdk=iphoneos*]" = YES;
				"INFOPLIST_KEY_UIApplicationSceneManifest_Generation[sdk=iphonesimulator*]" = YES;
				"INFOPLIST_KEY_UIApplicationSupportsIndirectInputEvents[sdk=iphoneos*]" = YES;
				"INFOPLIST_KEY_UIApplicationSupportsIndirectInputEvents[sdk=iphonesimulator*]" = YES;
				"INFOPLIST_KEY_UILaunchScreen_Generation[sdk=iphoneos*]" = YES;
				"INFOPLIST_KEY_UILaunchScreen_Generation[sdk=iphonesimulator*]" = YES;
				"INFOPLIST_KEY_UIStatusBarStyle[sdk=iphoneos*]" = UIStatusBarStyleDefault;
				"INFOPLIST_KEY_UIStatusBarStyle[sdk=iphonesimulator*]" = UIStatusBarStyleDefault;
				INFOPLIST_KEY_UISupportedInterfaceOrientations = UIInterfaceOrientationPortrait;
				INFOPLIST_KEY_UISupportedInterfaceOrientations_iPad = "UIInterfaceOrientationLandscapeLeft UIInterfaceOrientationLandscapeRight UIInterfaceOrientationPortrait UIInterfaceOrientationPortraitUpsideDown";
				INFOPLIST_KEY_UIUserInterfaceStyle = Light;
				IPHONEOS_DEPLOYMENT_TARGET = 16.6;
				LD_RUNPATH_SEARCH_PATHS = "@executable_path/Frameworks";
				"LD_RUNPATH_SEARCH_PATHS[sdk=macosx*]" = "@executable_path/../Frameworks";
				MACOSX_DEPLOYMENT_TARGET = 14.5;
				MARKETING_VERSION = 1.0;
				PRODUCT_BUNDLE_IDENTIFIER = tylergreenberg.finalsend;
				PRODUCT_NAME = "$(TARGET_NAME)";
				SDKROOT = auto;
				SUPPORTED_PLATFORMS = "iphonesimulator iphoneos";
				SWIFT_EMIT_LOC_STRINGS = YES;
				SWIFT_VERSION = 5.0;
				TARGETED_DEVICE_FAMILY = "1,2,7";
				XROS_DEPLOYMENT_TARGET = 2.2;
			};
			name = Debug;
		};
		F941A9F92DDD2F6C00C3B0EC /* Release */ = {
			isa = XCBuildConfiguration;
			buildSettings = {
				ASSETCATALOG_COMPILER_APPICON_NAME = AppIcon;
				ASSETCATALOG_COMPILER_GLOBAL_ACCENT_COLOR_NAME = AccentColor;
				ASSETCATALOG_COMPILER_INCLUDE_ALL_APPICON_ASSETS = NO;
				CODE_SIGN_ENTITLEMENTS = finalsend/finalsend.entitlements;
				CODE_SIGN_STYLE = Automatic;
				CURRENT_PROJECT_VERSION = 1;
				DEVELOPMENT_ASSET_PATHS = "\"finalsend/Preview Content\"";
				DEVELOPMENT_TEAM = S2U27MB26U;
				ENABLE_PREVIEWS = YES;
				GENERATE_INFOPLIST_FILE = YES;
				INFOPLIST_FILE = finalsend/Info.plist;
				INFOPLIST_KEY_CFBundleDisplayName = Crew;
				INFOPLIST_KEY_LSApplicationCategoryType = "public.app-category.travel";
				INFOPLIST_KEY_NSCameraUsageDescription = "We need camera access to let you take a profile picture.";
				INFOPLIST_KEY_NSPhotoLibraryUsageDescription = "We need photo library access to let you choose a profile picture.";
				"INFOPLIST_KEY_UIApplicationSceneManifest_Generation[sdk=iphoneos*]" = YES;
				"INFOPLIST_KEY_UIApplicationSceneManifest_Generation[sdk=iphonesimulator*]" = YES;
				"INFOPLIST_KEY_UIApplicationSupportsIndirectInputEvents[sdk=iphoneos*]" = YES;
				"INFOPLIST_KEY_UIApplicationSupportsIndirectInputEvents[sdk=iphonesimulator*]" = YES;
				"INFOPLIST_KEY_UILaunchScreen_Generation[sdk=iphoneos*]" = YES;
				"INFOPLIST_KEY_UILaunchScreen_Generation[sdk=iphonesimulator*]" = YES;
				"INFOPLIST_KEY_UIStatusBarStyle[sdk=iphoneos*]" = UIStatusBarStyleDefault;
				"INFOPLIST_KEY_UIStatusBarStyle[sdk=iphonesimulator*]" = UIStatusBarStyleDefault;
				INFOPLIST_KEY_UISupportedInterfaceOrientations = UIInterfaceOrientationPortrait;
				INFOPLIST_KEY_UISupportedInterfaceOrientations_iPad = "UIInterfaceOrientationLandscapeLeft UIInterfaceOrientationLandscapeRight UIInterfaceOrientationPortrait UIInterfaceOrientationPortraitUpsideDown";
				INFOPLIST_KEY_UIUserInterfaceStyle = Light;
				IPHONEOS_DEPLOYMENT_TARGET = 16.6;
				LD_RUNPATH_SEARCH_PATHS = "@executable_path/Frameworks";
				"LD_RUNPATH_SEARCH_PATHS[sdk=macosx*]" = "@executable_path/../Frameworks";
				MACOSX_DEPLOYMENT_TARGET = 14.5;
				MARKETING_VERSION = 1.0;
				PRODUCT_BUNDLE_IDENTIFIER = tylergreenberg.finalsend;
				PRODUCT_NAME = "$(TARGET_NAME)";
				SDKROOT = auto;
				SUPPORTED_PLATFORMS = "iphonesimulator iphoneos";
				SWIFT_EMIT_LOC_STRINGS = YES;
				SWIFT_VERSION = 5.0;
				TARGETED_DEVICE_FAMILY = "1,2,7";
				XROS_DEPLOYMENT_TARGET = 2.2;
			};
			name = Release;
		};
		F941A9FB2DDD2F6C00C3B0EC /* Debug */ = {
			isa = XCBuildConfiguration;
			buildSettings = {
				BUNDLE_LOADER = "$(TEST_HOST)";
				CODE_SIGN_STYLE = Automatic;
				CURRENT_PROJECT_VERSION = 1;
				GENERATE_INFOPLIST_FILE = YES;
				IPHONEOS_DEPLOYMENT_TARGET = 18.2;
				MACOSX_DEPLOYMENT_TARGET = 14.5;
				MARKETING_VERSION = 1.0;
				PRODUCT_BUNDLE_IDENTIFIER = tylergreenberg.finalsendTests;
				PRODUCT_NAME = "$(TARGET_NAME)";
				SDKROOT = auto;
				SUPPORTED_PLATFORMS = "iphoneos iphonesimulator macosx xros xrsimulator";
				SWIFT_EMIT_LOC_STRINGS = NO;
				SWIFT_VERSION = 5.0;
				TARGETED_DEVICE_FAMILY = "1,2,7";
				TEST_HOST = "$(BUILT_PRODUCTS_DIR)/finalsend.app/$(BUNDLE_EXECUTABLE_FOLDER_PATH)/finalsend";
				XROS_DEPLOYMENT_TARGET = 2.2;
			};
			name = Debug;
		};
		F941A9FC2DDD2F6C00C3B0EC /* Release */ = {
			isa = XCBuildConfiguration;
			buildSettings = {
				BUNDLE_LOADER = "$(TEST_HOST)";
				CODE_SIGN_STYLE = Automatic;
				CURRENT_PROJECT_VERSION = 1;
				GENERATE_INFOPLIST_FILE = YES;
				IPHONEOS_DEPLOYMENT_TARGET = 18.2;
				MACOSX_DEPLOYMENT_TARGET = 14.5;
				MARKETING_VERSION = 1.0;
				PRODUCT_BUNDLE_IDENTIFIER = tylergreenberg.finalsendTests;
				PRODUCT_NAME = "$(TARGET_NAME)";
				SDKROOT = auto;
				SUPPORTED_PLATFORMS = "iphoneos iphonesimulator macosx xros xrsimulator";
				SWIFT_EMIT_LOC_STRINGS = NO;
				SWIFT_VERSION = 5.0;
				TARGETED_DEVICE_FAMILY = "1,2,7";
				TEST_HOST = "$(BUILT_PRODUCTS_DIR)/finalsend.app/$(BUNDLE_EXECUTABLE_FOLDER_PATH)/finalsend";
				XROS_DEPLOYMENT_TARGET = 2.2;
			};
			name = Release;
		};
		F941A9FE2DDD2F6C00C3B0EC /* Debug */ = {
			isa = XCBuildConfiguration;
			buildSettings = {
				CODE_SIGN_STYLE = Automatic;
				CURRENT_PROJECT_VERSION = 1;
				GENERATE_INFOPLIST_FILE = YES;
				IPHONEOS_DEPLOYMENT_TARGET = 18.2;
				MACOSX_DEPLOYMENT_TARGET = 14.5;
				MARKETING_VERSION = 1.0;
				PRODUCT_BUNDLE_IDENTIFIER = tylergreenberg.finalsendUITests;
				PRODUCT_NAME = "$(TARGET_NAME)";
				SDKROOT = auto;
				SUPPORTED_PLATFORMS = "iphoneos iphonesimulator macosx xros xrsimulator";
				SWIFT_EMIT_LOC_STRINGS = NO;
				SWIFT_VERSION = 5.0;
				TARGETED_DEVICE_FAMILY = "1,2,7";
				TEST_TARGET_NAME = finalsend;
				XROS_DEPLOYMENT_TARGET = 2.2;
			};
			name = Debug;
		};
		F941A9FF2DDD2F6C00C3B0EC /* Release */ = {
			isa = XCBuildConfiguration;
			buildSettings = {
				CODE_SIGN_STYLE = Automatic;
				CURRENT_PROJECT_VERSION = 1;
				GENERATE_INFOPLIST_FILE = YES;
				IPHONEOS_DEPLOYMENT_TARGET = 18.2;
				MACOSX_DEPLOYMENT_TARGET = 14.5;
				MARKETING_VERSION = 1.0;
				PRODUCT_BUNDLE_IDENTIFIER = tylergreenberg.finalsendUITests;
				PRODUCT_NAME = "$(TARGET_NAME)";
				SDKROOT = auto;
				SUPPORTED_PLATFORMS = "iphoneos iphonesimulator macosx xros xrsimulator";
				SWIFT_EMIT_LOC_STRINGS = NO;
				SWIFT_VERSION = 5.0;
				TARGETED_DEVICE_FAMILY = "1,2,7";
				TEST_TARGET_NAME = finalsend;
				XROS_DEPLOYMENT_TARGET = 2.2;
			};
			name = Release;
		};
/* End XCBuildConfiguration section */

/* Begin XCConfigurationList section */
		F941A9CD2DDD2F6A00C3B0EC /* Build configuration list for PBXProject "finalsend" */ = {
			isa = XCConfigurationList;
			buildConfigurations = (
				F941A9F52DDD2F6C00C3B0EC /* Debug */,
				F941A9F62DDD2F6C00C3B0EC /* Release */,
			);
			defaultConfigurationIsVisible = 0;
			defaultConfigurationName = Release;
		};
		F941A9F72DDD2F6C00C3B0EC /* Build configuration list for PBXNativeTarget "finalsend" */ = {
			isa = XCConfigurationList;
			buildConfigurations = (
				F941A9F82DDD2F6C00C3B0EC /* Debug */,
				F941A9F92DDD2F6C00C3B0EC /* Release */,
			);
			defaultConfigurationIsVisible = 0;
			defaultConfigurationName = Release;
		};
		F941A9FA2DDD2F6C00C3B0EC /* Build configuration list for PBXNativeTarget "finalsendTests" */ = {
			isa = XCConfigurationList;
			buildConfigurations = (
				F941A9FB2DDD2F6C00C3B0EC /* Debug */,
				F941A9FC2DDD2F6C00C3B0EC /* Release */,
			);
			defaultConfigurationIsVisible = 0;
			defaultConfigurationName = Release;
		};
		F941A9FD2DDD2F6C00C3B0EC /* Build configuration list for PBXNativeTarget "finalsendUITests" */ = {
			isa = XCConfigurationList;
			buildConfigurations = (
				F941A9FE2DDD2F6C00C3B0EC /* Debug */,
				F941A9FF2DDD2F6C00C3B0EC /* Release */,
			);
			defaultConfigurationIsVisible = 0;
			defaultConfigurationName = Release;
		};
/* End XCConfigurationList section */

/* Begin XCRemoteSwiftPackageReference section */
		F928917E2E394AFC0035DEED /* XCRemoteSwiftPackageReference "supabase-swift" */ = {
			isa = XCRemoteSwiftPackageReference;
			repositoryURL = "https://github.com/supabase-community/supabase-swift";
			requirement = {
				kind = upToNextMajorVersion;
				minimumVersion = 2.5.1;
			};
		};
		F92891A62E3A76B50035DEED /* XCRemoteSwiftPackageReference "AnyCodable" */ = {
			isa = XCRemoteSwiftPackageReference;
			repositoryURL = "https://github.com/Flight-School/AnyCodable";
			requirement = {
				kind = upToNextMajorVersion;
				minimumVersion = 0.6.7;
			};
		};
/* End XCRemoteSwiftPackageReference section */

/* Begin XCSwiftPackageProductDependency section */
		F92891832E394CEA0035DEED /* Supabase */ = {
			isa = XCSwiftPackageProductDependency;
			package = F928917E2E394AFC0035DEED /* XCRemoteSwiftPackageReference "supabase-swift" */;
			productName = Supabase;
		};
		F92891A72E3A78AF0035DEED /* AnyCodable */ = {
			isa = XCSwiftPackageProductDependency;
			package = F92891A62E3A76B50035DEED /* XCRemoteSwiftPackageReference "AnyCodable" */;
			productName = AnyCodable;
		};
/* End XCSwiftPackageProductDependency section */
	};
	rootObject = F941A9CA2DDD2F6A00C3B0EC /* Project object */;
}
